
Microsoft Visual Studio Solution File, Format Version 12.00
# Visual Studio Version 17
VisualStudioVersion = 17.5.33424.131
MinimumVisualStudioVersion = 10.0.40219.1
Project("{9A19103F-16F7-4668-BE54-9A1E7A4F7556}") = "Elementary_classes_engine", "Elementary_classes_engine\Elementary_classes_engine.csproj", "{A222ABBB-354E-4006-A312-19B0383C3CA2}"
EndProject
Project("{FAE04EC0-301F-11D3-BF4B-00C04F79EFBC}") = "TestForMyClass", "TestForMyClass\TestForMyClass.csproj", "{C2690E34-37E4-4F0F-84ED-9C80A72197F8}"
EndProject
Global
	GlobalSection(SolutionConfigurationPlatforms) = preSolution
		Debug|Any CPU = Debug|Any CPU
		Release|Any CPU = Release|Any CPU
	EndGlobalSection
	GlobalSection(ProjectConfigurationPlatforms) = postSolution
		{A222ABBB-354E-4006-A312-19B0383C3CA2}.Debug|Any CPU.ActiveCfg = Debug|Any CPU
		{A222ABBB-354E-4006-A312-19B0383C3CA2}.Debug|Any CPU.Build.0 = Debug|Any CPU
		{A222ABBB-354E-4006-A312-19B0383C3CA2}.Release|Any CPU.ActiveCfg = Release|Any CPU
		{A222ABBB-354E-4006-A312-19B0383C3CA2}.Release|Any CPU.Build.0 = Release|Any CPU
		{C2690E34-37E4-4F0F-84ED-9C80A72197F8}.Debug|Any CPU.ActiveCfg = Debug|Any CPU
		{C2690E34-37E4-4F0F-84ED-9C80A72197F8}.Debug|Any CPU.Build.0 = Debug|Any CPU
		{C2690E34-37E4-4F0F-84ED-9C80A72197F8}.Release|Any CPU.ActiveCfg = Release|Any CPU
		{C2690E34-37E4-4F0F-84ED-9C80A72197F8}.Release|Any CPU.Build.0 = Release|Any CPU
	EndGlobalSection
	GlobalSection(SolutionProperties) = preSolution
		HideSolutionNode = FALSE
	EndGlobalSection
	GlobalSection(ExtensibilityGlobals) = postSolution
		SolutionGuid = {05CD7705-8348-49FC-BF75-91B5B5FDDF23}
	EndGlobalSection
EndGlobal
